
Microsoft Visual Studio Solution File, Format Version 12.00
# Visual Studio Version 16
VisualStudioVersion = 16.0.28922.388
MinimumVisualStudioVersion = 10.0.40219.1
Project("{9A19103F-16F7-4668-BE54-9A1E7A4F7556}") = "PodcastLib", "PodcastLib\PodcastLib.csproj", "{82DAA611-443B-4224-9E83-F62551202645}"
EndProject
Project("{FAE04EC0-301F-11D3-BF4B-00C04F79EFBC}") = "PodcatAppUI", "PodcatAppUI\PodcatAppUI.csproj", "{4731212F-9A4D-44F7-9D7D-B1F41195CDE0}"
EndProject
Global
	GlobalSection(SolutionConfigurationPlatforms) = preSolution
		Debug|Any CPU = Debug|Any CPU
		Release|Any CPU = Release|Any CPU
	EndGlobalSection
	GlobalSection(ProjectConfigurationPlatforms) = postSolution
		{82DAA611-443B-4224-9E83-F62551202645}.Debug|Any CPU.ActiveCfg = Debug|Any CPU
		{82DAA611-443B-4224-9E83-F62551202645}.Debug|Any CPU.Build.0 = Debug|Any CPU
		{82DAA611-443B-4224-9E83-F62551202645}.Release|Any CPU.ActiveCfg = Release|Any CPU
		{82DAA611-443B-4224-9E83-F62551202645}.Release|Any CPU.Build.0 = Release|Any CPU
		{4731212F-9A4D-44F7-9D7D-B1F41195CDE0}.Debug|Any CPU.ActiveCfg = Debug|Any CPU
		{4731212F-9A4D-44F7-9D7D-B1F41195CDE0}.Debug|Any CPU.Build.0 = Debug|Any CPU
		{4731212F-9A4D-44F7-9D7D-B1F41195CDE0}.Release|Any CPU.ActiveCfg = Release|Any CPU
		{4731212F-9A4D-44F7-9D7D-B1F41195CDE0}.Release|Any CPU.Build.0 = Release|Any CPU
	EndGlobalSection
	GlobalSection(SolutionProperties) = preSolution
		HideSolutionNode = FALSE
	EndGlobalSection
	GlobalSection(ExtensibilityGlobals) = postSolution
		SolutionGuid = {5903014B-C05D-41A7-B29F-A01639E1465D}
	EndGlobalSection
EndGlobal
